{
  "name": "ollama-vite-springboot-text-summarizer",
  "version": "1.0.0",
  "lockfileVersion": 3,
  "requires": true,
  "packages": {
    "": {
      "name": "ollama-vite-springboot-text-summarizer",
      "version": "1.0.0",
      "license": "ISC",
      "dependencies": {
        "ollama-vite-springboot-text-summarizer": "file:"
      }
    },
    "node_modules/ollama-vite-springboot-text-summarizer": {
      "resolved": "",
      "link": true
    }
  }
}
